
Microsoft Visual Studio Solution File, Format Version 12.00
# Visual Studio 2013
VisualStudioVersion = 12.0.21005.1
MinimumVisualStudioVersion = 10.0.40219.1
Project("{FAE04EC0-301F-11D3-BF4B-00C04F79EFBC}") = "ForFunT", "ForFunT\ForFunT.csproj", "{9AA1E4C2-B1B0-4F7C-BE1D-A4E5159A1938}"
EndProject
Project("{FAE04EC0-301F-11D3-BF4B-00C04F79EFBC}") = "WebApplication1", "WebApplication1\WebApplication1.csproj", "{FD84C7BD-7CD4-4D4B-B808-B4D30FC34D3F}"
EndProject
Project("{FAE04EC0-301F-11D3-BF4B-00C04F79EFBC}") = "WebApplication1.Tests", "WebApplication1.Tests\WebApplication1.Tests.csproj", "{DC55D38C-39EA-4F40-B4E6-795CFE3DB772}"
EndProject
Project("{FAE04EC0-301F-11D3-BF4B-00C04F79EFBC}") = "WebApplication2", "WebApplication2\WebApplication2.csproj", "{36612D36-4A52-49BA-88B1-4A54080F0F86}"
EndProject
Project("{FAE04EC0-301F-11D3-BF4B-00C04F79EFBC}") = "WebApplication2.Tests", "WebApplication2.Tests\WebApplication2.Tests.csproj", "{5A987AEA-3F38-49FC-BC04-DA9F7EFA5679}"
EndProject
Project("{FAE04EC0-301F-11D3-BF4B-00C04F79EFBC}") = "WebApplication3", "WebApplication3\WebApplication3.csproj", "{B2C456DE-45AD-43AB-9204-B105313944EF}"
EndProject
Project("{FAE04EC0-301F-11D3-BF4B-00C04F79EFBC}") = "WebApplication3.Tests", "WebApplication3.Tests\WebApplication3.Tests.csproj", "{9FD2A23C-BDDA-4722-B217-734E0E7440DA}"
EndProject
Global
	GlobalSection(SolutionConfigurationPlatforms) = preSolution
		Debug|Any CPU = Debug|Any CPU
		Release|Any CPU = Release|Any CPU
	EndGlobalSection
	GlobalSection(ProjectConfigurationPlatforms) = postSolution
		{9AA1E4C2-B1B0-4F7C-BE1D-A4E5159A1938}.Debug|Any CPU.ActiveCfg = Debug|Any CPU
		{9AA1E4C2-B1B0-4F7C-BE1D-A4E5159A1938}.Debug|Any CPU.Build.0 = Debug|Any CPU
		{9AA1E4C2-B1B0-4F7C-BE1D-A4E5159A1938}.Release|Any CPU.ActiveCfg = Release|Any CPU
		{9AA1E4C2-B1B0-4F7C-BE1D-A4E5159A1938}.Release|Any CPU.Build.0 = Release|Any CPU
		{FD84C7BD-7CD4-4D4B-B808-B4D30FC34D3F}.Debug|Any CPU.ActiveCfg = Debug|Any CPU
		{FD84C7BD-7CD4-4D4B-B808-B4D30FC34D3F}.Debug|Any CPU.Build.0 = Debug|Any CPU
		{FD84C7BD-7CD4-4D4B-B808-B4D30FC34D3F}.Release|Any CPU.ActiveCfg = Release|Any CPU
		{FD84C7BD-7CD4-4D4B-B808-B4D30FC34D3F}.Release|Any CPU.Build.0 = Release|Any CPU
		{DC55D38C-39EA-4F40-B4E6-795CFE3DB772}.Debug|Any CPU.ActiveCfg = Debug|Any CPU
		{DC55D38C-39EA-4F40-B4E6-795CFE3DB772}.Debug|Any CPU.Build.0 = Debug|Any CPU
		{DC55D38C-39EA-4F40-B4E6-795CFE3DB772}.Release|Any CPU.ActiveCfg = Release|Any CPU
		{DC55D38C-39EA-4F40-B4E6-795CFE3DB772}.Release|Any CPU.Build.0 = Release|Any CPU
		{36612D36-4A52-49BA-88B1-4A54080F0F86}.Debug|Any CPU.ActiveCfg = Debug|Any CPU
		{36612D36-4A52-49BA-88B1-4A54080F0F86}.Debug|Any CPU.Build.0 = Debug|Any CPU
		{36612D36-4A52-49BA-88B1-4A54080F0F86}.Release|Any CPU.ActiveCfg = Release|Any CPU
		{36612D36-4A52-49BA-88B1-4A54080F0F86}.Release|Any CPU.Build.0 = Release|Any CPU
		{5A987AEA-3F38-49FC-BC04-DA9F7EFA5679}.Debug|Any CPU.ActiveCfg = Debug|Any CPU
		{5A987AEA-3F38-49FC-BC04-DA9F7EFA5679}.Debug|Any CPU.Build.0 = Debug|Any CPU
		{5A987AEA-3F38-49FC-BC04-DA9F7EFA5679}.Release|Any CPU.ActiveCfg = Release|Any CPU
		{5A987AEA-3F38-49FC-BC04-DA9F7EFA5679}.Release|Any CPU.Build.0 = Release|Any CPU
		{B2C456DE-45AD-43AB-9204-B105313944EF}.Debug|Any CPU.ActiveCfg = Debug|Any CPU
		{B2C456DE-45AD-43AB-9204-B105313944EF}.Debug|Any CPU.Build.0 = Debug|Any CPU
		{B2C456DE-45AD-43AB-9204-B105313944EF}.Release|Any CPU.ActiveCfg = Release|Any CPU
		{B2C456DE-45AD-43AB-9204-B105313944EF}.Release|Any CPU.Build.0 = Release|Any CPU
		{9FD2A23C-BDDA-4722-B217-734E0E7440DA}.Debug|Any CPU.ActiveCfg = Debug|Any CPU
		{9FD2A23C-BDDA-4722-B217-734E0E7440DA}.Debug|Any CPU.Build.0 = Debug|Any CPU
		{9FD2A23C-BDDA-4722-B217-734E0E7440DA}.Release|Any CPU.ActiveCfg = Release|Any CPU
		{9FD2A23C-BDDA-4722-B217-734E0E7440DA}.Release|Any CPU.Build.0 = Release|Any CPU
	EndGlobalSection
	GlobalSection(SolutionProperties) = preSolution
		HideSolutionNode = FALSE
	EndGlobalSection
EndGlobal
